// !$*UTF8*$!
{
	archiveVersion = 1;
	classes = {
	};
	objectVersion = 50;
	objects = {

/* Begin PBXBuildFile section */
		0304AD00246D57D900664D0F /* DataModel.swift in Sources */ = {isa = PBXBuildFile; fileRef = 0304ACFF246D57D900664D0F /* DataModel.swift */; };
		0304AD05246D58CC00664D0F /* ServiceManager.swift in Sources */ = {isa = PBXBuildFile; fileRef = 0304AD04246D58CC00664D0F /* ServiceManager.swift */; };
		0304AD07246D5B0000664D0F /* EmployeeViewModel.swift in Sources */ = {isa = PBXBuildFile; fileRef = 0304AD06246D5B0000664D0F /* EmployeeViewModel.swift */; };
		0304AD0A246D5BFF00664D0F /* EEAppConfig.swift in Sources */ = {isa = PBXBuildFile; fileRef = 0304AD09246D5BFF00664D0F /* EEAppConfig.swift */; };
		0304AD0C246D8F7300664D0F /* EmployeeListViewController.swift in Sources */ = {isa = PBXBuildFile; fileRef = 0304AD0B246D8F7300664D0F /* EmployeeListViewController.swift */; };
		0313E5B4246E44C1008FD797 /* listTableCell.swift in Sources */ = {isa = PBXBuildFile; fileRef = 0313E5B3246E44C1008FD797 /* listTableCell.swift */; };
		03C7CB72246D502700049B1F /* AppDelegate.swift in Sources */ = {isa = PBXBuildFile; fileRef = 03C7CB71246D502700049B1F /* AppDelegate.swift */; };
		03C7CB77246D502700049B1F /* Main.storyboard in Resources */ = {isa = PBXBuildFile; fileRef = 03C7CB75246D502700049B1F /* Main.storyboard */; };
		03C7CB79246D502800049B1F /* Assets.xcassets in Resources */ = {isa = PBXBuildFile; fileRef = 03C7CB78246D502800049B1F /* Assets.xcassets */; };
		03C7CB7C246D502800049B1F /* LaunchScreen.storyboard in Resources */ = {isa = PBXBuildFile; fileRef = 03C7CB7A246D502800049B1F /* LaunchScreen.storyboard */; };
		03C7CB87246D502800049B1F /* EmployeeDemoAppTests.swift in Sources */ = {isa = PBXBuildFile; fileRef = 03C7CB86246D502800049B1F /* EmployeeDemoAppTests.swift */; };
		03C7CB92246D502800049B1F /* EmployeeDemoAppUITests.swift in Sources */ = {isa = PBXBuildFile; fileRef = 03C7CB91246D502800049B1F /* EmployeeDemoAppUITests.swift */; };
/* End PBXBuildFile section */

/* Begin PBXContainerItemProxy section */
		03C7CB83246D502800049B1F /* PBXContainerItemProxy */ = {
			isa = PBXContainerItemProxy;
			containerPortal = 03C7CB66246D502700049B1F /* Project object */;
			proxyType = 1;
			remoteGlobalIDString = 03C7CB6D246D502700049B1F;
			remoteInfo = EmployeeDemoApp;
		};
		03C7CB8E246D502800049B1F /* PBXContainerItemProxy */ = {
			isa = PBXContainerItemProxy;
			containerPortal = 03C7CB66246D502700049B1F /* Project object */;
			proxyType = 1;
			remoteGlobalIDString = 03C7CB6D246D502700049B1F;
			remoteInfo = EmployeeDemoApp;
		};
/* End PBXContainerItemProxy section */

/* Begin PBXFileReference section */
		0304ACFF246D57D900664D0F /* DataModel.swift */ = {isa = PBXFileReference; lastKnownFileType = sourcecode.swift; path = DataModel.swift; sourceTree = "<group>"; };
		0304AD04246D58CC00664D0F /* ServiceManager.swift */ = {isa = PBXFileReference; lastKnownFileType = sourcecode.swift; path = ServiceManager.swift; sourceTree = "<group>"; };
		0304AD06246D5B0000664D0F /* EmployeeViewModel.swift */ = {isa = PBXFileReference; lastKnownFileType = sourcecode.swift; path = EmployeeViewModel.swift; sourceTree = "<group>"; };
		0304AD09246D5BFF00664D0F /* EEAppConfig.swift */ = {isa = PBXFileReference; lastKnownFileType = sourcecode.swift; path = EEAppConfig.swift; sourceTree = "<group>"; };
		0304AD0B246D8F7300664D0F /* EmployeeListViewController.swift */ = {isa = PBXFileReference; lastKnownFileType = sourcecode.swift; path = EmployeeListViewController.swift; sourceTree = "<group>"; };
		0313E5B3246E44C1008FD797 /* listTableCell.swift */ = {isa = PBXFileReference; lastKnownFileType = sourcecode.swift; path = listTableCell.swift; sourceTree = "<group>"; };
		03C7CB6E246D502700049B1F /* EmployeeDemoApp.app */ = {isa = PBXFileReference; explicitFileType = wrapper.application; includeInIndex = 0; path = EmployeeDemoApp.app; sourceTree = BUILT_PRODUCTS_DIR; };
		03C7CB71246D502700049B1F /* AppDelegate.swift */ = {isa = PBXFileReference; lastKnownFileType = sourcecode.swift; path = AppDelegate.swift; sourceTree = "<group>"; };
		03C7CB76246D502700049B1F /* Base */ = {isa = PBXFileReference; lastKnownFileType = file.storyboard; name = Base; path = Base.lproj/Main.storyboard; sourceTree = "<group>"; };
		03C7CB78246D502800049B1F /* Assets.xcassets */ = {isa = PBXFileReference; lastKnownFileType = folder.assetcatalog; path = Assets.xcassets; sourceTree = "<group>"; };
		03C7CB7B246D502800049B1F /* Base */ = {isa = PBXFileReference; lastKnownFileType = file.storyboard; name = Base; path = Base.lproj/LaunchScreen.storyboard; sourceTree = "<group>"; };
		03C7CB7D246D502800049B1F /* Info.plist */ = {isa = PBXFileReference; lastKnownFileType = text.plist.xml; path = Info.plist; sourceTree = "<group>"; };
		03C7CB82246D502800049B1F /* EmployeeDemoAppTests.xctest */ = {isa = PBXFileReference; explicitFileType = wrapper.cfbundle; includeInIndex = 0; path = EmployeeDemoAppTests.xctest; sourceTree = BUILT_PRODUCTS_DIR; };
		03C7CB86246D502800049B1F /* EmployeeDemoAppTests.swift */ = {isa = PBXFileReference; lastKnownFileType = sourcecode.swift; path = EmployeeDemoAppTests.swift; sourceTree = "<group>"; };
		03C7CB88246D502800049B1F /* Info.plist */ = {isa = PBXFileReference; lastKnownFileType = text.plist.xml; path = Info.plist; sourceTree = "<group>"; };
		03C7CB8D246D502800049B1F /* EmployeeDemoAppUITests.xctest */ = {isa = PBXFileReference; explicitFileType = wrapper.cfbundle; includeInIndex = 0; path = EmployeeDemoAppUITests.xctest; sourceTree = BUILT_PRODUCTS_DIR; };
		03C7CB91246D502800049B1F /* EmployeeDemoAppUITests.swift */ = {isa = PBXFileReference; lastKnownFileType = sourcecode.swift; path = EmployeeDemoAppUITests.swift; sourceTree = "<group>"; };
		03C7CB93246D502800049B1F /* Info.plist */ = {isa = PBXFileReference; lastKnownFileType = text.plist.xml; path = Info.plist; sourceTree = "<group>"; };
/* End PBXFileReference section */

/* Begin PBXFrameworksBuildPhase section */
		03C7CB6B246D502700049B1F /* Frameworks */ = {
			isa = PBXFrameworksBuildPhase;
			buildActionMask = 2147483647;
			files = (
			);
			runOnlyForDeploymentPostprocessing = 0;
		};
		03C7CB7F246D502800049B1F /* Frameworks */ = {
			isa = PBXFrameworksBuildPhase;
			buildActionMask = 2147483647;
			files = (
			);
			runOnlyForDeploymentPostprocessing = 0;
		};
		03C7CB8A246D502800049B1F /* Frameworks */ = {
			isa = PBXFrameworksBuildPhase;
			buildActionMask = 2147483647;
			files = (
			);
			runOnlyForDeploymentPostprocessing = 0;
		};
/* End PBXFrameworksBuildPhase section */

/* Begin PBXGroup section */
		0304ACFE246D579100664D0F /* Model */ = {
			isa = PBXGroup;
			children = (
				0304ACFF246D57D900664D0F /* DataModel.swift */,
			);
			path = Model;
			sourceTree = "<group>";
		};
		0304AD01246D584E00664D0F /* View */ = {
			isa = PBXGroup;
			children = (
				0304AD0B246D8F7300664D0F /* EmployeeListViewController.swift */,
				0313E5B3246E44C1008FD797 /* listTableCell.swift */,
			);
			path = View;
			sourceTree = "<group>";
		};
		0304AD02246D585E00664D0F /* ViewModel */ = {
			isa = PBXGroup;
			children = (
				0304AD06246D5B0000664D0F /* EmployeeViewModel.swift */,
			);
			path = ViewModel;
			sourceTree = "<group>";
		};
		0304AD03246D587900664D0F /* Service */ = {
			isa = PBXGroup;
			children = (
				0304AD04246D58CC00664D0F /* ServiceManager.swift */,
			);
			path = Service;
			sourceTree = "<group>";
		};
		0304AD08246D5BE900664D0F /* Utility */ = {
			isa = PBXGroup;
			children = (
				0304AD09246D5BFF00664D0F /* EEAppConfig.swift */,
			);
			path = Utility;
			sourceTree = "<group>";
		};
		03C7CB65246D502700049B1F = {
			isa = PBXGroup;
			children = (
				03C7CB70246D502700049B1F /* EmployeeDemoApp */,
				03C7CB85246D502800049B1F /* EmployeeDemoAppTests */,
				03C7CB90246D502800049B1F /* EmployeeDemoAppUITests */,
				03C7CB6F246D502700049B1F /* Products */,
			);
			sourceTree = "<group>";
		};
		03C7CB6F246D502700049B1F /* Products */ = {
			isa = PBXGroup;
			children = (
				03C7CB6E246D502700049B1F /* EmployeeDemoApp.app */,
				03C7CB82246D502800049B1F /* EmployeeDemoAppTests.xctest */,
				03C7CB8D246D502800049B1F /* EmployeeDemoAppUITests.xctest */,
			);
			name = Products;
			sourceTree = "<group>";
		};
		03C7CB70246D502700049B1F /* EmployeeDemoApp */ = {
			isa = PBXGroup;
			children = (
				03C7CB71246D502700049B1F /* AppDelegate.swift */,
				0304ACFE246D579100664D0F /* Model */,
				0304AD01246D584E00664D0F /* View */,
				0304AD02246D585E00664D0F /* ViewModel */,
				0304AD03246D587900664D0F /* Service */,
				0304AD08246D5BE900664D0F /* Utility */,
				03C7CB75246D502700049B1F /* Main.storyboard */,
				03C7CB78246D502800049B1F /* Assets.xcassets */,
				03C7CB7A246D502800049B1F /* LaunchScreen.storyboard */,
				03C7CB7D246D502800049B1F /* Info.plist */,
			);
			path = EmployeeDemoApp;
			sourceTree = "<group>";
		};
		03C7CB85246D502800049B1F /* EmployeeDemoAppTests */ = {
			isa = PBXGroup;
			children = (
				03C7CB86246D502800049B1F /* EmployeeDemoAppTests.swift */,
				03C7CB88246D502800049B1F /* Info.plist */,
			);
			path = EmployeeDemoAppTests;
			sourceTree = "<group>";
		};
		03C7CB90246D502800049B1F /* EmployeeDemoAppUITests */ = {
			isa = PBXGroup;
			children = (
				03C7CB91246D502800049B1F /* EmployeeDemoAppUITests.swift */,
				03C7CB93246D502800049B1F /* Info.plist */,
			);
			path = EmployeeDemoAppUITests;
			sourceTree = "<group>";
		};
/* End PBXGroup section */

/* Begin PBXNativeTarget section */
		03C7CB6D246D502700049B1F /* EmployeeDemoApp */ = {
			isa = PBXNativeTarget;
			buildConfigurationList = 03C7CB96246D502800049B1F /* Build configuration list for PBXNativeTarget "EmployeeDemoApp" */;
			buildPhases = (
				03C7CB6A246D502700049B1F /* Sources */,
				03C7CB6B246D502700049B1F /* Frameworks */,
				03C7CB6C246D502700049B1F /* Resources */,
			);
			buildRules = (
			);
			dependencies = (
			);
			name = EmployeeDemoApp;
			productName = EmployeeDemoApp;
			productReference = 03C7CB6E246D502700049B1F /* EmployeeDemoApp.app */;
			productType = "com.apple.product-type.application";
		};
		03C7CB81246D502800049B1F /* EmployeeDemoAppTests */ = {
			isa = PBXNativeTarget;
			buildConfigurationList = 03C7CB99246D502800049B1F /* Build configuration list for PBXNativeTarget "EmployeeDemoAppTests" */;
			buildPhases = (
				03C7CB7E246D502800049B1F /* Sources */,
				03C7CB7F246D502800049B1F /* Frameworks */,
				03C7CB80246D502800049B1F /* Resources */,
			);
			buildRules = (
			);
			dependencies = (
				03C7CB84246D502800049B1F /* PBXTargetDependency */,
			);
			name = EmployeeDemoAppTests;
			productName = EmployeeDemoAppTests;
			productReference = 03C7CB82246D502800049B1F /* EmployeeDemoAppTests.xctest */;
			productType = "com.apple.product-type.bundle.unit-test";
		};
		03C7CB8C246D502800049B1F /* EmployeeDemoAppUITests */ = {
			isa = PBXNativeTarget;
			buildConfigurationList = 03C7CB9C246D502800049B1F /* Build configuration list for PBXNativeTarget "EmployeeDemoAppUITests" */;
			buildPhases = (
				03C7CB89246D502800049B1F /* Sources */,
				03C7CB8A246D502800049B1F /* Frameworks */,
				03C7CB8B246D502800049B1F /* Resources */,
			);
			buildRules = (
			);
			dependencies = (
				03C7CB8F246D502800049B1F /* PBXTargetDependency */,
			);
			name = EmployeeDemoAppUITests;
			productName = EmployeeDemoAppUITests;
			productReference = 03C7CB8D246D502800049B1F /* EmployeeDemoAppUITests.xctest */;
			productType = "com.apple.product-type.bundle.ui-testing";
		};
/* End PBXNativeTarget section */

/* Begin PBXProject section */
		03C7CB66246D502700049B1F /* Project object */ = {
			isa = PBXProject;
			attributes = {
				LastSwiftUpdateCheck = 1020;
				LastUpgradeCheck = 1020;
				ORGANIZATIONNAME = "Sachin Randive";
				TargetAttributes = {
					03C7CB6D246D502700049B1F = {
						CreatedOnToolsVersion = 10.2.1;
					};
					03C7CB81246D502800049B1F = {
						CreatedOnToolsVersion = 10.2.1;
						TestTargetID = 03C7CB6D246D502700049B1F;
					};
					03C7CB8C246D502800049B1F = {
						CreatedOnToolsVersion = 10.2.1;
						TestTargetID = 03C7CB6D246D502700049B1F;
					};
				};
			};
			buildConfigurationList = 03C7CB69246D502700049B1F /* Build configuration list for PBXProject "EmployeeDemoApp" */;
			compatibilityVersion = "Xcode 9.3";
			developmentRegion = en;
			hasScannedForEncodings = 0;
			knownRegions = (
				en,
				Base,
			);
			mainGroup = 03C7CB65246D502700049B1F;
			productRefGroup = 03C7CB6F246D502700049B1F /* Products */;
			projectDirPath = "";
			projectRoot = "";
			targets = (
				03C7CB6D246D502700049B1F /* EmployeeDemoApp */,
				03C7CB81246D502800049B1F /* EmployeeDemoAppTests */,
				03C7CB8C246D502800049B1F /* EmployeeDemoAppUITests */,
			);
		};
/* End PBXProject section */

/* Begin PBXResourcesBuildPhase section */
		03C7CB6C246D502700049B1F /* Resources */ = {
			isa = PBXResourcesBuildPhase;
			buildActionMask = 2147483647;
			files = (
				03C7CB7C246D502800049B1F /* LaunchScreen.storyboard in Resources */,
				03C7CB79246D502800049B1F /* Assets.xcassets in Resources */,
				03C7CB77246D502700049B1F /* Main.storyboard in Resources */,
			);
			runOnlyForDeploymentPostprocessing = 0;
		};
		03C7CB80246D502800049B1F /* Resources */ = {
			isa = PBXResourcesBuildPhase;
			buildActionMask = 2147483647;
			files = (
			);
			runOnlyForDeploymentPostprocessing = 0;
		};
		03C7CB8B246D502800049B1F /* Resources */ = {
			isa = PBXResourcesBuildPhase;
			buildActionMask = 2147483647;
			files = (
			);
			runOnlyForDeploymentPostprocessing = 0;
		};
/* End PBXResourcesBuildPhase section */

/* Begin PBXSourcesBuildPhase section */
		03C7CB6A246D502700049B1F /* Sources */ = {
			isa = PBXSourcesBuildPhase;
			buildActionMask = 2147483647;
			files = (
				03C7CB72246D502700049B1F /* AppDelegate.swift in Sources */,
				0304AD00246D57D900664D0F /* DataModel.swift in Sources */,
				0304AD07246D5B0000664D0F /* EmployeeViewModel.swift in Sources */,
				0304AD0C246D8F7300664D0F /* EmployeeListViewController.swift in Sources */,
				0304AD05246D58CC00664D0F /* ServiceManager.swift in Sources */,
				0304AD0A246D5BFF00664D0F /* EEAppConfig.swift in Sources */,
				0313E5B4246E44C1008FD797 /* listTableCell.swift in Sources */,
			);
			runOnlyForDeploymentPostprocessing = 0;
		};
		03C7CB7E246D502800049B1F /* Sources */ = {
			isa = PBXSourcesBuildPhase;
			buildActionMask = 2147483647;
			files = (
				03C7CB87246D502800049B1F /* EmployeeDemoAppTests.swift in Sources */,
			);
			runOnlyForDeploymentPostprocessing = 0;
		};
		03C7CB89246D502800049B1F /* Sources */ = {
			isa = PBXSourcesBuildPhase;
			buildActionMask = 2147483647;
			files = (
				03C7CB92246D502800049B1F /* EmployeeDemoAppUITests.swift in Sources */,
			);
			runOnlyForDeploymentPostprocessing = 0;
		};
/* End PBXSourcesBuildPhase section */

/* Begin PBXTargetDependency section */
		03C7CB84246D502800049B1F /* PBXTargetDependency */ = {
			isa = PBXTargetDependency;
			target = 03C7CB6D246D502700049B1F /* EmployeeDemoApp */;
			targetProxy = 03C7CB83246D502800049B1F /* PBXContainerItemProxy */;
		};
		03C7CB8F246D502800049B1F /* PBXTargetDependency */ = {
			isa = PBXTargetDependency;
			target = 03C7CB6D246D502700049B1F /* EmployeeDemoApp */;
			targetProxy = 03C7CB8E246D502800049B1F /* PBXContainerItemProxy */;
		};
/* End PBXTargetDependency section */

/* Begin PBXVariantGroup section */
		03C7CB75246D502700049B1F /* Main.storyboard */ = {
			isa = PBXVariantGroup;
			children = (
				03C7CB76246D502700049B1F /* Base */,
			);
			name = Main.storyboard;
			sourceTree = "<group>";
		};
		03C7CB7A246D502800049B1F /* LaunchScreen.storyboard */ = {
			isa = PBXVariantGroup;
			children = (
				03C7CB7B246D502800049B1F /* Base */,
			);
			name = LaunchScreen.storyboard;
			sourceTree = "<group>";
		};
/* End PBXVariantGroup section */

/* Begin XCBuildConfiguration section */
		03C7CB94246D502800049B1F /* Debug */ = {
			isa = XCBuildConfiguration;
			buildSettings = {
				ALWAYS_SEARCH_USER_PATHS = NO;
				CLANG_ANALYZER_NONNULL = YES;
				CLANG_ANALYZER_NUMBER_OBJECT_CONVERSION = YES_AGGRESSIVE;
				CLANG_CXX_LANGUAGE_STANDARD = "gnu++14";
				CLANG_CXX_LIBRARY = "libc++";
				CLANG_ENABLE_MODULES = YES;
				CLANG_ENABLE_OBJC_ARC = YES;
				CLANG_ENABLE_OBJC_WEAK = YES;
				CLANG_WARN_BLOCK_CAPTURE_AUTORELEASING = YES;
				CLANG_WARN_BOOL_CONVERSION = YES;
				CLANG_WARN_COMMA = YES;
				CLANG_WARN_CONSTANT_CONVERSION = YES;
				CLANG_WARN_DEPRECATED_OBJC_IMPLEMENTATIONS = YES;
				CLANG_WARN_DIRECT_OBJC_ISA_USAGE = YES_ERROR;
				CLANG_WARN_DOCUMENTATION_COMMENTS = YES;
				CLANG_WARN_EMPTY_BODY = YES;
				CLANG_WARN_ENUM_CONVERSION = YES;
				CLANG_WARN_INFINITE_RECURSION = YES;
				CLANG_WARN_INT_CONVERSION = YES;
				CLANG_WARN_NON_LITERAL_NULL_CONVERSION = YES;
				CLANG_WARN_OBJC_IMPLICIT_RETAIN_SELF = YES;
				CLANG_WARN_OBJC_LITERAL_CONVERSION = YES;
				CLANG_WARN_OBJC_ROOT_CLASS = YES_ERROR;
				CLANG_WARN_RANGE_LOOP_ANALYSIS = YES;
				CLANG_WARN_STRICT_PROTOTYPES = YES;
				CLANG_WARN_SUSPICIOUS_MOVE = YES;
				CLANG_WARN_UNGUARDED_AVAILABILITY = YES_AGGRESSIVE;
				CLANG_WARN_UNREACHABLE_CODE = YES;
				CLANG_WARN__DUPLICATE_METHOD_MATCH = YES;
				CODE_SIGN_IDENTITY = "iPhone Developer";
				COPY_PHASE_STRIP = NO;
				DEBUG_INFORMATION_FORMAT = dwarf;
				ENABLE_STRICT_OBJC_MSGSEND = YES;
				ENABLE_TESTABILITY = YES;
				GCC_C_LANGUAGE_STANDARD = gnu11;
				GCC_DYNAMIC_NO_PIC = NO;
				GCC_NO_COMMON_BLOCKS = YES;
				GCC_OPTIMIZATION_LEVEL = 0;
				GCC_PREPROCESSOR_DEFINITIONS = (
					"DEBUG=1",
					"$(inherited)",
				);
				GCC_WARN_64_TO_32_BIT_CONVERSION = YES;
				GCC_WARN_ABOUT_RETURN_TYPE = YES_ERROR;
				GCC_WARN_UNDECLARED_SELECTOR = YES;
				GCC_WARN_UNINITIALIZED_AUTOS = YES_AGGRESSIVE;
				GCC_WARN_UNUSED_FUNCTION = YES;
				GCC_WARN_UNUSED_VARIABLE = YES;
				IPHONEOS_DEPLOYMENT_TARGET = 11.0;
				MTL_ENABLE_DEBUG_INFO = INCLUDE_SOURCE;
				MTL_FAST_MATH = YES;
				ONLY_ACTIVE_ARCH = YES;
				SDKROOT = iphoneos;
				SWIFT_ACTIVE_COMPILATION_CONDITIONS = DEBUG;
				SWIFT_OPTIMIZATION_LEVEL = "-Onone";
			};
			name = Debug;
		};
		03C7CB95246D502800049B1F /* Release */ = {
			isa = XCBuildConfiguration;
			buildSettings = {
				ALWAYS_SEARCH_USER_PATHS = NO;
				CLANG_ANALYZER_NONNULL = YES;
				CLANG_ANALYZER_NUMBER_OBJECT_CONVERSION = YES_AGGRESSIVE;
				CLANG_CXX_LANGUAGE_STANDARD = "gnu++14";
				CLANG_CXX_LIBRARY = "libc++";
				CLANG_ENABLE_MODULES = YES;
				CLANG_ENABLE_OBJC_ARC = YES;
				CLANG_ENABLE_OBJC_WEAK = YES;
				CLANG_WARN_BLOCK_CAPTURE_AUTORELEASING = YES;
				CLANG_WARN_BOOL_CONVERSION = YES;
				CLANG_WARN_COMMA = YES;
				CLANG_WARN_CONSTANT_CONVERSION = YES;
				CLANG_WARN_DEPRECATED_OBJC_IMPLEMENTATIONS = YES;
				CLANG_WARN_DIRECT_OBJC_ISA_USAGE = YES_ERROR;
				CLANG_WARN_DOCUMENTATION_COMMENTS = YES;
				CLANG_WARN_EMPTY_BODY = YES;
				CLANG_WARN_ENUM_CONVERSION = YES;
				CLANG_WARN_INFINITE_RECURSION = YES;
				CLANG_WARN_INT_CONVERSION = YES;
				CLANG_WARN_NON_LITERAL_NULL_CONVERSION = YES;
				CLANG_WARN_OBJC_IMPLICIT_RETAIN_SELF = YES;
				CLANG_WARN_OBJC_LITERAL_CONVERSION = YES;
				CLANG_WARN_OBJC_ROOT_CLASS = YES_ERROR;
				CLANG_WARN_RANGE_LOOP_ANALYSIS = YES;
				CLANG_WARN_STRICT_PROTOTYPES = YES;
				CLANG_WARN_SUSPICIOUS_MOVE = YES;
				CLANG_WARN_UNGUARDED_AVAILABILITY = YES_AGGRESSIVE;
				CLANG_WARN_UNREACHABLE_CODE = YES;
				CLANG_WARN__DUPLICATE_METHOD_MATCH = YES;
				CODE_SIGN_IDENTITY = "iPhone Developer";
				COPY_PHASE_STRIP = NO;
				DEBUG_INFORMATION_FORMAT = "dwarf-with-dsym";
				ENABLE_NS_ASSERTIONS = NO;
				ENABLE_STRICT_OBJC_MSGSEND = YES;
				GCC_C_LANGUAGE_STANDARD = gnu11;
				GCC_NO_COMMON_BLOCKS = YES;
				GCC_WARN_64_TO_32_BIT_CONVERSION = YES;
				GCC_WARN_ABOUT_RETURN_TYPE = YES_ERROR;
				GCC_WARN_UNDECLARED_SELECTOR = YES;
				GCC_WARN_UNINITIALIZED_AUTOS = YES_AGGRESSIVE;
				GCC_WARN_UNUSED_FUNCTION = YES;
				GCC_WARN_UNUSED_VARIABLE = YES;
				IPHONEOS_DEPLOYMENT_TARGET = 11.0;
				MTL_ENABLE_DEBUG_INFO = NO;
				MTL_FAST_MATH = YES;
				SDKROOT = iphoneos;
				SWIFT_COMPILATION_MODE = wholemodule;
				SWIFT_OPTIMIZATION_LEVEL = "-O";
				VALIDATE_PRODUCT = YES;
			};
			name = Release;
		};
		03C7CB97246D502800049B1F /* Debug */ = {
			isa = XCBuildConfiguration;
			buildSettings = {
				CODE_SIGN_STYLE = Automatic;
				DEVELOPMENT_TEAM = XZ43382LHQ;
				INFOPLIST_FILE = EmployeeDemoApp/Info.plist;
				IPHONEOS_DEPLOYMENT_TARGET = 11.0;
				LD_RUNPATH_SEARCH_PATHS = (
					"$(inherited)",
					"@executable_path/Frameworks",
				);
				PRODUCT_BUNDLE_IDENTIFIER = techM.EmployeeDemoApp;
				PRODUCT_NAME = "$(TARGET_NAME)";
				SWIFT_VERSION = 5.0;
				TARGETED_DEVICE_FAMILY = "1,2";
			};
			name = Debug;
		};
		03C7CB98246D502800049B1F /* Release */ = {
			isa = XCBuildConfiguration;
			buildSettings = {
				CODE_SIGN_STYLE = Automatic;
				DEVELOPMENT_TEAM = XZ43382LHQ;
				INFOPLIST_FILE = EmployeeDemoApp/Info.plist;
				IPHONEOS_DEPLOYMENT_TARGET = 11.0;
				LD_RUNPATH_SEARCH_PATHS = (
					"$(inherited)",
					"@executable_path/Frameworks",
				);
				PRODUCT_BUNDLE_IDENTIFIER = techM.EmployeeDemoApp;
				PRODUCT_NAME = "$(TARGET_NAME)";
				SWIFT_VERSION = 5.0;
				TARGETED_DEVICE_FAMILY = "1,2";
			};
			name = Release;
		};
		03C7CB9A246D502800049B1F /* Debug */ = {
			isa = XCBuildConfiguration;
			buildSettings = {
				ALWAYS_EMBED_SWIFT_STANDARD_LIBRARIES = YES;
				BUNDLE_LOADER = "$(TEST_HOST)";
				CODE_SIGN_STYLE = Automatic;
				INFOPLIST_FILE = EmployeeDemoAppTests/Info.plist;
				LD_RUNPATH_SEARCH_PATHS = (
					"$(inherited)",
					"@executable_path/Frameworks",
					"@loader_path/Frameworks",
				);
				PRODUCT_BUNDLE_IDENTIFIER = techM.EmployeeDemoAppTests;
				PRODUCT_NAME = "$(TARGET_NAME)";
				SWIFT_VERSION = 5.0;
				TARGETED_DEVICE_FAMILY = "1,2";
				TEST_HOST = "$(BUILT_PRODUCTS_DIR)/EmployeeDemoApp.app/EmployeeDemoApp";
			};
			name = Debug;
		};
		03C7CB9B246D502800049B1F /* Release */ = {
			isa = XCBuildConfiguration;
			buildSettings = {
				ALWAYS_EMBED_SWIFT_STANDARD_LIBRARIES = YES;
				BUNDLE_LOADER = "$(TEST_HOST)";
				CODE_SIGN_STYLE = Automatic;
				INFOPLIST_FILE = EmployeeDemoAppTests/Info.plist;
				LD_RUNPATH_SEARCH_PATHS = (
					"$(inherited)",
					"@executable_path/Frameworks",
					"@loader_path/Frameworks",
				);
				PRODUCT_BUNDLE_IDENTIFIER = techM.EmployeeDemoAppTests;
				PRODUCT_NAME = "$(TARGET_NAME)";
				SWIFT_VERSION = 5.0;
				TARGETED_DEVICE_FAMILY = "1,2";
				TEST_HOST = "$(BUILT_PRODUCTS_DIR)/EmployeeDemoApp.app/EmployeeDemoApp";
			};
			name = Release;
		};
		03C7CB9D246D502800049B1F /* Debug */ = {
			isa = XCBuildConfiguration;
			buildSettings = {
				ALWAYS_EMBED_SWIFT_STANDARD_LIBRARIES = YES;
				CODE_SIGN_STYLE = Automatic;
				INFOPLIST_FILE = EmployeeDemoAppUITests/Info.plist;
				LD_RUNPATH_SEARCH_PATHS = (
					"$(inherited)",
					"@executable_path/Frameworks",
					"@loader_path/Frameworks",
				);
				PRODUCT_BUNDLE_IDENTIFIER = techM.EmployeeDemoAppUITests;
				PRODUCT_NAME = "$(TARGET_NAME)";
				SWIFT_VERSION = 5.0;
				TARGETED_DEVICE_FAMILY = "1,2";
				TEST_TARGET_NAME = EmployeeDemoApp;
			};
			name = Debug;
		};
		03C7CB9E246D502800049B1F /* Release */ = {
			isa = XCBuildConfiguration;
			buildSettings = {
				ALWAYS_EMBED_SWIFT_STANDARD_LIBRARIES = YES;
				CODE_SIGN_STYLE = Automatic;
				INFOPLIST_FILE = EmployeeDemoAppUITests/Info.plist;
				LD_RUNPATH_SEARCH_PATHS = (
					"$(inherited)",
					"@executable_path/Frameworks",
					"@loader_path/Frameworks",
				);
				PRODUCT_BUNDLE_IDENTIFIER = techM.EmployeeDemoAppUITests;
				PRODUCT_NAME = "$(TARGET_NAME)";
				SWIFT_VERSION = 5.0;
				TARGETED_DEVICE_FAMILY = "1,2";
				TEST_TARGET_NAME = EmployeeDemoApp;
			};
			name = Release;
		};
/* End XCBuildConfiguration section */

/* Begin XCConfigurationList section */
		03C7CB69246D502700049B1F /* Build configuration list for PBXProject "EmployeeDemoApp" */ = {
			isa = XCConfigurationList;
			buildConfigurations = (
				03C7CB94246D502800049B1F /* Debug */,
				03C7CB95246D502800049B1F /* Release */,
			);
			defaultConfigurationIsVisible = 0;
			defaultConfigurationName = Release;
		};
		03C7CB96246D502800049B1F /* Build configuration list for PBXNativeTarget "EmployeeDemoApp" */ = {
			isa = XCConfigurationList;
			buildConfigurations = (
				03C7CB97246D502800049B1F /* Debug */,
				03C7CB98246D502800049B1F /* Release */,
			);
			defaultConfigurationIsVisible = 0;
			defaultConfigurationName = Release;
		};
		03C7CB99246D502800049B1F /* Build configuration list for PBXNativeTarget "EmployeeDemoAppTests" */ = {
			isa = XCConfigurationList;
			buildConfigurations = (
				03C7CB9A246D502800049B1F /* Debug */,
				03C7CB9B246D502800049B1F /* Release */,
			);
			defaultConfigurationIsVisible = 0;
			defaultConfigurationName = Release;
		};
		03C7CB9C246D502800049B1F /* Build configuration list for PBXNativeTarget "EmployeeDemoAppUITests" */ = {
			isa = XCConfigurationList;
			buildConfigurations = (
				03C7CB9D246D502800049B1F /* Debug */,
				03C7CB9E246D502800049B1F /* Release */,
			);
			defaultConfigurationIsVisible = 0;
			defaultConfigurationName = Release;
		};
/* End XCConfigurationList section */
	};
	rootObject = 03C7CB66246D502700049B1F /* Project object */;
}
